
Microsoft Visual Studio Solution File, Format Version 12.00
# Visual Studio Version 17
VisualStudioVersion = 17.0.31903.59
MinimumVisualStudioVersion = 10.0.40219.1
Project("{FAE04EC0-301F-11D3-BF4B-00C04F79EFBC}") = "API", "API\API.csproj", "{752E2019-E029-469F-A8BD-EEEA6BD7B151}"
EndProject
Project("{FAE04EC0-301F-11D3-BF4B-00C04F79EFBC}") = "Core", "Core\Core.csproj", "{42A61895-6B36-46CC-98BA-521033A43376}"
EndProject
Project("{FAE04EC0-301F-11D3-BF4B-00C04F79EFBC}") = "Infrastructure", "Infrastructure\Infrastructure.csproj", "{9082E677-BF32-4C01-BB22-245B5D3D1D4D}"
EndProject
Global
	GlobalSection(SolutionConfigurationPlatforms) = preSolution
		Debug|Any CPU = Debug|Any CPU
		Release|Any CPU = Release|Any CPU
	EndGlobalSection
	GlobalSection(SolutionProperties) = preSolution
		HideSolutionNode = FALSE
	EndGlobalSection
	GlobalSection(ProjectConfigurationPlatforms) = postSolution
		{752E2019-E029-469F-A8BD-EEEA6BD7B151}.Debug|Any CPU.ActiveCfg = Debug|Any CPU
		{752E2019-E029-469F-A8BD-EEEA6BD7B151}.Debug|Any CPU.Build.0 = Debug|Any CPU
		{752E2019-E029-469F-A8BD-EEEA6BD7B151}.Release|Any CPU.ActiveCfg = Release|Any CPU
		{752E2019-E029-469F-A8BD-EEEA6BD7B151}.Release|Any CPU.Build.0 = Release|Any CPU
		{42A61895-6B36-46CC-98BA-521033A43376}.Debug|Any CPU.ActiveCfg = Debug|Any CPU
		{42A61895-6B36-46CC-98BA-521033A43376}.Debug|Any CPU.Build.0 = Debug|Any CPU
		{42A61895-6B36-46CC-98BA-521033A43376}.Release|Any CPU.ActiveCfg = Release|Any CPU
		{42A61895-6B36-46CC-98BA-521033A43376}.Release|Any CPU.Build.0 = Release|Any CPU
		{9082E677-BF32-4C01-BB22-245B5D3D1D4D}.Debug|Any CPU.ActiveCfg = Debug|Any CPU
		{9082E677-BF32-4C01-BB22-245B5D3D1D4D}.Debug|Any CPU.Build.0 = Debug|Any CPU
		{9082E677-BF32-4C01-BB22-245B5D3D1D4D}.Release|Any CPU.ActiveCfg = Release|Any CPU
		{9082E677-BF32-4C01-BB22-245B5D3D1D4D}.Release|Any CPU.Build.0 = Release|Any CPU
	EndGlobalSection
EndGlobal
